{
  "requires": true,
  "lockfileVersion": 1,
  "dependencies": {
    "startbootstrap-agency": {
      "version": "4.0.0-alpha",
      "resolved": "https://registry.npmjs.org/startbootstrap-agency/-/startbootstrap-agency-4.0.0-alpha.tgz",
      "integrity": "sha1-Fm1iOKGwkW2zJRVQubLHGL0fN9Q="
    }
  }
}
